
Microsoft Visual Studio Solution File, Format Version 12.00
# Visual Studio 15
Project("{FAE04EC0-301F-11D3-BF4B-00C04F79EFBC}") = "Assembly-CSharp", "Assembly-CSharp.csproj", "{5C916A23-EFDB-5C42-32D2-65DA9720B010}"
EndProject
Project("{FAE04EC0-301F-11D3-BF4B-00C04F79EFBC}") = "Assembly-CSharp-Editor", "Assembly-CSharp-Editor.csproj", "{282A581E-7CDB-7320-0B2C-D12E6EE08D2A}"
EndProject
Global
	GlobalSection(SolutionConfigurationPlatforms) = preSolution
		Debug|Any CPU = Debug|Any CPU
		Release|Any CPU = Release|Any CPU
	EndGlobalSection
	GlobalSection(ProjectConfigurationPlatforms) = postSolution
		{5C916A23-EFDB-5C42-32D2-65DA9720B010}.Debug|Any CPU.ActiveCfg = Debug|Any CPU
		{5C916A23-EFDB-5C42-32D2-65DA9720B010}.Debug|Any CPU.Build.0 = Debug|Any CPU
		{5C916A23-EFDB-5C42-32D2-65DA9720B010}.Release|Any CPU.ActiveCfg = Release|Any CPU
		{5C916A23-EFDB-5C42-32D2-65DA9720B010}.Release|Any CPU.Build.0 = Release|Any CPU
		{282A581E-7CDB-7320-0B2C-D12E6EE08D2A}.Debug|Any CPU.ActiveCfg = Debug|Any CPU
		{282A581E-7CDB-7320-0B2C-D12E6EE08D2A}.Debug|Any CPU.Build.0 = Debug|Any CPU
		{282A581E-7CDB-7320-0B2C-D12E6EE08D2A}.Release|Any CPU.ActiveCfg = Release|Any CPU
		{282A581E-7CDB-7320-0B2C-D12E6EE08D2A}.Release|Any CPU.Build.0 = Release|Any CPU
	EndGlobalSection
	GlobalSection(SolutionProperties) = preSolution
		HideSolutionNode = FALSE
	EndGlobalSection
EndGlobal
